
Microsoft Visual Studio Solution File, Format Version 12.00
# Visual Studio Version 17
VisualStudioVersion = 17.9.34902.65
MinimumVisualStudioVersion = 10.0.40219.1
Project("{FAE04EC0-301F-11D3-BF4B-00C04F79EFBC}") = "MakeDark", "src\MakeDark.csproj", "{BEBBDDC5-A479-470B-AA88-CDBDF70C8022}"
EndProject
Global
	GlobalSection(SolutionConfigurationPlatforms) = preSolution
		Debug|Any CPU = Debug|Any CPU
		Release|Any CPU = Release|Any CPU
	EndGlobalSection
	GlobalSection(ProjectConfigurationPlatforms) = postSolution
		{BEBBDDC5-A479-470B-AA88-CDBDF70C8022}.Debug|Any CPU.ActiveCfg = Debug|Any CPU
		{BEBBDDC5-A479-470B-AA88-CDBDF70C8022}.Debug|Any CPU.Build.0 = Debug|Any CPU
		{BEBBDDC5-A479-470B-AA88-CDBDF70C8022}.Release|Any CPU.ActiveCfg = Release|Any CPU
		{BEBBDDC5-A479-470B-AA88-CDBDF70C8022}.Release|Any CPU.Build.0 = Release|Any CPU
	EndGlobalSection
	GlobalSection(SolutionProperties) = preSolution
		HideSolutionNode = FALSE
	EndGlobalSection
	GlobalSection(ExtensibilityGlobals) = postSolution
		SolutionGuid = {E503C867-4D7D-4414-A048-1E90CF07CCD2}
	EndGlobalSection
EndGlobal
